
Microsoft Visual Studio Solution File, Format Version 12.00
# Visual Studio Version 16
VisualStudioVersion = 16.0.30907.101
MinimumVisualStudioVersion = 10.0.40219.1
Project("{FAE04EC0-301F-11D3-BF4B-00C04F79EFBC}") = "WinFormArchivo", "WinFormArchivo.csproj", "{29EEC879-2E53-43A7-926D-4D22BB62B7C4}"
EndProject
Global
	GlobalSection(SolutionConfigurationPlatforms) = preSolution
		Debug|Any CPU = Debug|Any CPU
		Release|Any CPU = Release|Any CPU
	EndGlobalSection
	GlobalSection(ProjectConfigurationPlatforms) = postSolution
		{29EEC879-2E53-43A7-926D-4D22BB62B7C4}.Debug|Any CPU.ActiveCfg = Debug|Any CPU
		{29EEC879-2E53-43A7-926D-4D22BB62B7C4}.Debug|Any CPU.Build.0 = Debug|Any CPU
		{29EEC879-2E53-43A7-926D-4D22BB62B7C4}.Release|Any CPU.ActiveCfg = Release|Any CPU
		{29EEC879-2E53-43A7-926D-4D22BB62B7C4}.Release|Any CPU.Build.0 = Release|Any CPU
	EndGlobalSection
	GlobalSection(SolutionProperties) = preSolution
		HideSolutionNode = FALSE
	EndGlobalSection
	GlobalSection(ExtensibilityGlobals) = postSolution
		SolutionGuid = {26649D6F-650F-456A-B5EB-50E553C339EE}
	EndGlobalSection
EndGlobal
